PODS:
  - Flutter (1.0.0)
  - integration_test (0.0.1):
    - Flutter
  - pdf_book (0.0.1):
    - Flutter

DEPENDENCIES:
  - Flutter (from `Flutter`)
  - integration_test (from `.symlinks/plugins/integration_test/ios`)
  - pdf_book (from `.symlinks/plugins/pdf_book/ios`)

EXTERNAL SOURCES:
  Flutter:
    :path: Flutter
  integration_test:
    :path: ".symlinks/plugins/integration_test/ios"
  pdf_book:
    :path: ".symlinks/plugins/pdf_book/ios"

SPEC CHECKSUMS:
  Flutter: e0871f40cf51350855a761d2e70bf5af5b9b5de7
  integration_test: 13825b8a9334a850581300559b8839134b124670
  pdf_book: 3f1240fb93cbd5db66c4415ed90ef43309c8129a

PODFILE CHECKSUM: 819463e6a0290f5a72f145ba7cde16e8b6ef0796

COCOAPODS: 1.12.1
